
Microsoft Visual Studio Solution File, Format Version 12.00
# Visual Studio Version 16
VisualStudioVersion = 16.0.31613.86
MinimumVisualStudioVersion = 10.0.40219.1
Project("{FAE04EC0-301F-11D3-BF4B-00C04F79EFBC}") = "Colegio", "Colegio\Colegio.csproj", "{52F35395-4C33-4F0C-841C-F24F93BEF5D6}"
EndProject
Global
	GlobalSection(SolutionConfigurationPlatforms) = preSolution
		Debug|Any CPU = Debug|Any CPU
		Release|Any CPU = Release|Any CPU
	EndGlobalSection
	GlobalSection(ProjectConfigurationPlatforms) = postSolution
		{52F35395-4C33-4F0C-841C-F24F93BEF5D6}.Debug|Any CPU.ActiveCfg = Debug|Any CPU
		{52F35395-4C33-4F0C-841C-F24F93BEF5D6}.Debug|Any CPU.Build.0 = Debug|Any CPU
		{52F35395-4C33-4F0C-841C-F24F93BEF5D6}.Release|Any CPU.ActiveCfg = Release|Any CPU
		{52F35395-4C33-4F0C-841C-F24F93BEF5D6}.Release|Any CPU.Build.0 = Release|Any CPU
	EndGlobalSection
	GlobalSection(SolutionProperties) = preSolution
		HideSolutionNode = FALSE
	EndGlobalSection
	GlobalSection(ExtensibilityGlobals) = postSolution
		SolutionGuid = {A62B5149-5E29-4194-9573-243BC51D5559}
	EndGlobalSection
EndGlobal
